
Microsoft Visual Studio Solution File, Format Version 12.00
# Visual Studio Version 17
VisualStudioVersion = 17.8.34330.188
MinimumVisualStudioVersion = 10.0.40219.1
Project("{FAE04EC0-301F-11D3-BF4B-00C04F79EFBC}") = "Oop-Genel-Tekrar", "Oop-Genel-Tekrar\Oop-Genel-Tekrar.csproj", "{066C3F84-776F-4633-A50C-82FCF52DBDF5}"
EndProject
Global
	GlobalSection(SolutionConfigurationPlatforms) = preSolution
		Debug|Any CPU = Debug|Any CPU
		Release|Any CPU = Release|Any CPU
	EndGlobalSection
	GlobalSection(ProjectConfigurationPlatforms) = postSolution
		{066C3F84-776F-4633-A50C-82FCF52DBDF5}.Debug|Any CPU.ActiveCfg = Debug|Any CPU
		{066C3F84-776F-4633-A50C-82FCF52DBDF5}.Debug|Any CPU.Build.0 = Debug|Any CPU
		{066C3F84-776F-4633-A50C-82FCF52DBDF5}.Release|Any CPU.ActiveCfg = Release|Any CPU
		{066C3F84-776F-4633-A50C-82FCF52DBDF5}.Release|Any CPU.Build.0 = Release|Any CPU
	EndGlobalSection
	GlobalSection(SolutionProperties) = preSolution
		HideSolutionNode = FALSE
	EndGlobalSection
	GlobalSection(ExtensibilityGlobals) = postSolution
		SolutionGuid = {FF86042E-785B-420C-9460-829A1F0C8C8B}
	EndGlobalSection
EndGlobal
